
Microsoft Visual Studio Solution File, Format Version 12.00
# Visual Studio 15
VisualStudioVersion = 15.0.28307.168
MinimumVisualStudioVersion = 10.0.40219.1
Project("{FAE04EC0-301F-11D3-BF4B-00C04F79EFBC}") = "ADUsers", "ADUsers\ADUsers.csproj", "{F08687D9-1F8B-4BE2-BE63-66D263AE64C8}"
EndProject
Global
	GlobalSection(SolutionConfigurationPlatforms) = preSolution
		Debug|Any CPU = Debug|Any CPU
		Release|Any CPU = Release|Any CPU
	EndGlobalSection
	GlobalSection(ProjectConfigurationPlatforms) = postSolution
		{F08687D9-1F8B-4BE2-BE63-66D263AE64C8}.Debug|Any CPU.ActiveCfg = Debug|Any CPU
		{F08687D9-1F8B-4BE2-BE63-66D263AE64C8}.Debug|Any CPU.Build.0 = Debug|Any CPU
		{F08687D9-1F8B-4BE2-BE63-66D263AE64C8}.Release|Any CPU.ActiveCfg = Release|Any CPU
		{F08687D9-1F8B-4BE2-BE63-66D263AE64C8}.Release|Any CPU.Build.0 = Release|Any CPU
	EndGlobalSection
	GlobalSection(SolutionProperties) = preSolution
		HideSolutionNode = FALSE
	EndGlobalSection
	GlobalSection(ExtensibilityGlobals) = postSolution
		SolutionGuid = {7504F1BF-120D-41F5-B18F-45D70BB89882}
	EndGlobalSection
EndGlobal
